
Microsoft Visual Studio Solution File, Format Version 12.00
# Visual Studio Version 16
VisualStudioVersion = 16.0.31624.102
MinimumVisualStudioVersion = 10.0.40219.1
Project("{FAE04EC0-301F-11D3-BF4B-00C04F79EFBC}") = "WindowsFormsApp1", "WindowsFormsApp1\WindowsFormsApp1.csproj", "{8F7703A2-D9F6-4054-B57D-818DE5FF9790}"
EndProject
Global
	GlobalSection(SolutionConfigurationPlatforms) = preSolution
		Debug|Any CPU = Debug|Any CPU
		Release|Any CPU = Release|Any CPU
	EndGlobalSection
	GlobalSection(ProjectConfigurationPlatforms) = postSolution
		{8F7703A2-D9F6-4054-B57D-818DE5FF9790}.Debug|Any CPU.ActiveCfg = Debug|Any CPU
		{8F7703A2-D9F6-4054-B57D-818DE5FF9790}.Debug|Any CPU.Build.0 = Debug|Any CPU
		{8F7703A2-D9F6-4054-B57D-818DE5FF9790}.Release|Any CPU.ActiveCfg = Release|Any CPU
		{8F7703A2-D9F6-4054-B57D-818DE5FF9790}.Release|Any CPU.Build.0 = Release|Any CPU
	EndGlobalSection
	GlobalSection(SolutionProperties) = preSolution
		HideSolutionNode = FALSE
	EndGlobalSection
	GlobalSection(ExtensibilityGlobals) = postSolution
		SolutionGuid = {81870458-A0E6-43E1-9345-44B3832C22F9}
	EndGlobalSection
EndGlobal
